
Microsoft Visual Studio Solution File, Format Version 12.00
# Visual Studio Version 17
VisualStudioVersion = 17.14.36603.0
MinimumVisualStudioVersion = 10.0.40219.1
Project("{FAE04EC0-301F-11D3-BF4B-00C04F79EFBC}") = "lap4", "lap4\lap4.csproj", "{FBF6EC6B-E14D-46B3-9475-B0B232B4CC8F}"
EndProject
Project("{FAE04EC0-301F-11D3-BF4B-00C04F79EFBC}") = "DBFirstApp", "DBFirstApp\DBFirstApp.csproj", "{C0FE9442-372A-48B9-92E0-CFB8D85903EA}"
EndProject
Global
	GlobalSection(SolutionConfigurationPlatforms) = preSolution
		Debug|Any CPU = Debug|Any CPU
		Release|Any CPU = Release|Any CPU
	EndGlobalSection
	GlobalSection(ProjectConfigurationPlatforms) = postSolution
		{FBF6EC6B-E14D-46B3-9475-B0B232B4CC8F}.Debug|Any CPU.ActiveCfg = Debug|Any CPU
		{FBF6EC6B-E14D-46B3-9475-B0B232B4CC8F}.Debug|Any CPU.Build.0 = Debug|Any CPU
		{FBF6EC6B-E14D-46B3-9475-B0B232B4CC8F}.Release|Any CPU.ActiveCfg = Release|Any CPU
		{FBF6EC6B-E14D-46B3-9475-B0B232B4CC8F}.Release|Any CPU.Build.0 = Release|Any CPU
		{C0FE9442-372A-48B9-92E0-CFB8D85903EA}.Debug|Any CPU.ActiveCfg = Debug|Any CPU
		{C0FE9442-372A-48B9-92E0-CFB8D85903EA}.Debug|Any CPU.Build.0 = Debug|Any CPU
		{C0FE9442-372A-48B9-92E0-CFB8D85903EA}.Release|Any CPU.ActiveCfg = Release|Any CPU
		{C0FE9442-372A-48B9-92E0-CFB8D85903EA}.Release|Any CPU.Build.0 = Release|Any CPU
	EndGlobalSection
	GlobalSection(SolutionProperties) = preSolution
		HideSolutionNode = FALSE
	EndGlobalSection
	GlobalSection(ExtensibilityGlobals) = postSolution
		SolutionGuid = {A95BC67A-B268-4D5B-8D5F-1697174E1887}
	EndGlobalSection
EndGlobal
